
Microsoft Visual Studio Solution File, Format Version 12.00
# Visual Studio Version 17
VisualStudioVersion = 17.0.31903.59
MinimumVisualStudioVersion = 10.0.40219.1
Project("{2150E333-8FDC-42A3-9474-1A3956D46DE8}") = "Support Files", "Support Files", "{F997B31A-CF25-4C63-BEB5-172F7E13D9B3}"
	ProjectSection(SolutionItems) = preProject
		.editorconfig = .editorconfig
		.gitattributes = .gitattributes
		.gitignore = .gitignore
		appveyor.yml = appveyor.yml
		build-package.ps1 = build-package.ps1
		Directory.Packages.props = Directory.Packages.props
		global.json = global.json
		LICENSE.md = LICENSE.md
		package-icon.png = package-icon.png
		README.md = README.md
	EndProjectSection
EndProject
Project("{2150E333-8FDC-42A3-9474-1A3956D46DE8}") = "GitHub", "GitHub", "{5E6BB8B2-B393-4712-95D1-DF68B46F1341}"
	ProjectSection(SolutionItems) = preProject
		.github\dependabot.yml = .github\dependabot.yml
		.github\github-labels.yml = .github\github-labels.yml
		.github\release-drafter.yml = .github\release-drafter.yml
	EndProjectSection
EndProject
Project("{2150E333-8FDC-42A3-9474-1A3956D46DE8}") = "Actions", "Actions", "{47A089B9-B7FA-435A-8771-9AD4BE1D1D5C}"
	ProjectSection(SolutionItems) = preProject
		.github\workflows\release-drafter.yml = .github\workflows\release-drafter.yml
		.github\workflows\update-labels.yml = .github\workflows\update-labels.yml
	EndProjectSection
EndProject
Project("{9A19103F-16F7-4668-BE54-9A1E7A4F7556}") = "MetaBrainz.MusicBrainz.CoverArt", "MetaBrainz.MusicBrainz.CoverArt\MetaBrainz.MusicBrainz.CoverArt.csproj", "{59B631FF-FF1E-40B6-BA82-12FEB35C2A45}"
EndProject
Global
	GlobalSection(SolutionConfigurationPlatforms) = preSolution
		Debug|Any CPU = Debug|Any CPU
		Release|Any CPU = Release|Any CPU
	EndGlobalSection
	GlobalSection(ProjectConfigurationPlatforms) = postSolution
		{59B631FF-FF1E-40B6-BA82-12FEB35C2A45}.Debug|Any CPU.ActiveCfg = Debug|Any CPU
		{59B631FF-FF1E-40B6-BA82-12FEB35C2A45}.Debug|Any CPU.Build.0 = Debug|Any CPU
		{59B631FF-FF1E-40B6-BA82-12FEB35C2A45}.Release|Any CPU.ActiveCfg = Release|Any CPU
		{59B631FF-FF1E-40B6-BA82-12FEB35C2A45}.Release|Any CPU.Build.0 = Release|Any CPU
	EndGlobalSection
	GlobalSection(SolutionProperties) = preSolution
		HideSolutionNode = FALSE
	EndGlobalSection
	GlobalSection(NestedProjects) = preSolution
		{5E6BB8B2-B393-4712-95D1-DF68B46F1341} = {F997B31A-CF25-4C63-BEB5-172F7E13D9B3}
		{47A089B9-B7FA-435A-8771-9AD4BE1D1D5C} = {5E6BB8B2-B393-4712-95D1-DF68B46F1341}
	EndGlobalSection
	GlobalSection(ExtensibilityGlobals) = postSolution
		SolutionGuid = {84AFC6F4-418F-46A8-B3B5-DB7445162561}
	EndGlobalSection
EndGlobal
